{
    "_readme": [
        "This file locks the dependencies of your project to a known state",
        "Read more about it at https://getcomposer.org/doc/01-basic-usage.md#installing-dependencies",
        "This file is @generated automatically"
    ],
    "content-hash": "ee975cd800313e1fecebf74a43359a59",
    "packages": [
        {
            "name": "nodejs-php-fallback/nodejs-php-fallback",
            "version": "1.6.0",
            "source": {
                "type": "git",
                "url": "https://github.com/kylekatarnls/nodejs-php-fallback.git",
                "reference": "0dbdbc0cccf3c6c4a86189b21ce898252e287072"
            },
            "dist": {
                "type": "zip",
                "url": "https://api.github.com/repos/kylekatarnls/nodejs-php-fallback/zipball/0dbdbc0cccf3c6c4a86189b21ce898252e287072",
                "reference": "0dbdbc0cccf3c6c4a86189b21ce898252e287072",
                "shasum": ""
            },
            "require": {
                "composer-plugin-api": "^1.0 || ^2.0",
                "php": ">=7.3"
            },
            "require-dev": {
                "composer/composer": "^2.0",
                "phpmd/phpmd": "^2.9",
                "phpunit/phpunit": "^8.5"
            },
            "type": "composer-plugin",
            "extra": {
                "branch-alias": {
                    "dev-master": "2.x-dev"
                },
                "class": "NodejsPhpFallback\\ComposerPlugin"
            },
            "autoload": {
                "psr-4": {
                    "NodejsPhpFallback\\": "src/NodejsPhpFallback/"
                }
            },
            "notification-url": "https://packagist.org/downloads/",
            "license": [
                "MIT"
            ],
            "authors": [
                {
                    "name": "Kyle",
                    "email": "kylekatarnls@gmail.com"
                }
            ],
            "description": "Allow you to call node.js module or scripts throught PHP and call a fallback function if node.js is not available",
            "support": {
                "issues": "https://github.com/kylekatarnls/nodejs-php-fallback/issues",
                "source": "https://github.com/kylekatarnls/nodejs-php-fallback/tree/1.6.0"
            },
            "funding": [
                {
                    "url": "https://github.com/kylekatarnls",
                    "type": "github"
                },
                {
                    "url": "https://opencollective.com/Carbon",
                    "type": "open_collective"
                },
                {
                    "url": "https://tidelift.com/funding/github/packagist/nesbot/carbon",
                    "type": "tidelift"
                }
            ],
            "time": "2020-10-30T09:26:47+00:00"
        }
    ],
    "packages-dev": [],
    "aliases": [],
    "minimum-stability": "stable",
    "stability-flags": [],
    "prefer-stable": false,
    "prefer-lowest": false,
    "platform": {
        "php": "^8.2"
    },
    "platform-dev": [],
    "plugin-api-version": "2.3.0"
}
